{
  "name": "microservices",
  "version": "1.0.0",
  "lockfileVersion": 2,
  "requires": true,
  "packages": {
    "": {
      "name": "microservices",
      "version": "1.0.0",
      "license": "ISC",
      "workspaces": [
        "chat",
        "game",
        "gate",
        "lib_server/*"
      ]
    },
    "chat": {
      "name": "@be-true/server_ms_chat",
      "version": "0.0.1",
      "license": "MIT",
      "devDependencies": {}
    },
    "game": {
      "name": "@be-true/server_ms_game",
      "version": "0.0.1",
      "license": "MIT",
      "devDependencies": {}
    },
    "gate": {
      "name": "@be-true/server_ms_gate",
      "version": "0.0.1",
      "license": "MIT",
      "devDependencies": {}
    },
    "lib": {
      "name": "@be-true/server",
      "version": "0.0.1",
      "extraneous": true,
      "license": "MIT",
      "dependencies": {
        "ws": "^8.6.0"
      },
      "devDependencies": {
        "metatests": "^0.8.2"
      }
    },
    "lib_server": {
      "version": "0.0.1",
      "license": "MIT",
      "dependencies": {
        "ws": "^8.6.0"
      },
      "devDependencies": {
        "metatests": "^0.8.2"
      }
    },
    "lib_server/server": {
      "name": "@be-true/server",
      "version": "0.0.1",
      "license": "MIT",
      "devDependencies": {}
    },
    "lib_server/ws": {
      "version": "0.0.1",
      "license": "MIT",
      "devDependencies": {}
    },
    "node_modules/@be-true/server": {
      "resolved": "lib_server/server",
      "link": true
    },
    "node_modules/@be-true/server_ms_chat": {
      "resolved": "chat",
      "link": true
    },
    "node_modules/@be-true/server_ms_game": {
      "resolved": "game",
      "link": true
    },
    "node_modules/@be-true/server_ms_gate": {
      "resolved": "gate",
      "link": true
    },
    "node_modules/@be-true/ws": {
      "resolved": "lib_server/ws",
      "link": true
    }
  },
  "dependencies": {
    "@be-true/server": {
      "version": "file:lib_server/server"
    },
    "@be-true/server_ms_chat": {
      "version": "file:chat"
    },
    "@be-true/server_ms_game": {
      "version": "file:game"
    },
    "@be-true/server_ms_gate": {
      "version": "file:gate"
    },
    "@be-true/ws": {
      "version": "file:lib_server/ws"
    }
  }
}
