{
  "name": "microservices",
  "version": "1.0.0",
  "lockfileVersion": 2,
  "requires": true,
  "packages": {
    "": {
      "name": "microservices",
      "version": "1.0.0",
      "license": "ISC",
      "workspaces": [
        "chat",
        "game",
        "gate",
        "lib_server/*"
      ]
    },
    "chat": {
      "name": "@be-true/server_ms_chat",
      "version": "0.0.1",
      "license": "MIT",
      "dependencies": {
        "@be-true/utils": "^0.0.1"
      }
    },
    "game": {
      "name": "@be-true/server_ms_game",
      "version": "0.0.1",
      "license": "MIT",
      "dependencies": {
        "@be-true/utils": "^0.0.1"
      }
    },
    "gate": {
      "name": "@be-true/server_ms_gate",
      "version": "0.0.1",
      "license": "MIT",
      "dependencies": {
        "@be-true/utils": "^0.0.1",
        "@be-true/ws": "^0.0.1"
      }
    },
    "lib_server/config": {
      "name": "@be-true/config",
      "version": "0.0.1",
      "license": "MIT",
      "dependencies": {
        "@be-true/utils": "^0.0.1"
      }
    },
    "lib_server/server": {
      "name": "@be-true/server",
      "version": "0.0.1",
      "license": "MIT",
      "dependencies": {
        "@be-true/config": "^0.0.1",
        "@be-true/utils": "^0.0.1"
      }
    },
    "lib_server/utils": {
      "name": "@be-true/utils",
      "version": "0.0.1",
      "license": "MIT",
      "dependencies": {
        "@be-true/utils": "^0.0.1"
      },
      "devDependencies": {}
    },
    "lib_server/ws": {
      "name": "@be-true/ws",
      "version": "0.0.1",
      "license": "MIT",
      "dependencies": {
        "@be-true/utils": "^0.0.1",
        "ws": "^8.8.1"
      }
    },
    "node_modules/@be-true/config": {
      "resolved": "lib_server/config",
      "link": true
    },
    "node_modules/@be-true/server": {
      "resolved": "lib_server/server",
      "link": true
    },
    "node_modules/@be-true/server_ms_chat": {
      "resolved": "chat",
      "link": true
    },
    "node_modules/@be-true/server_ms_game": {
      "resolved": "game",
      "link": true
    },
    "node_modules/@be-true/server_ms_gate": {
      "resolved": "gate",
      "link": true
    },
    "node_modules/@be-true/utils": {
      "resolved": "lib_server/utils",
      "link": true
    },
    "node_modules/@be-true/ws": {
      "resolved": "lib_server/ws",
      "link": true
    },
    "node_modules/ws": {
      "version": "8.8.1",
      "license": "MIT",
      "engines": {
        "node": ">=10.0.0"
      },
      "peerDependencies": {
        "bufferutil": "^4.0.1",
        "utf-8-validate": "^5.0.2"
      },
      "peerDependenciesMeta": {
        "bufferutil": {
          "optional": true
        },
        "utf-8-validate": {
          "optional": true
        }
      }
    }
  },
  "dependencies": {
    "@be-true/config": {
      "version": "file:lib_server/config",
      "requires": {
        "@be-true/utils": "*"
      }
    },
    "@be-true/server": {
      "version": "file:lib_server/server",
      "requires": {
        "@be-true/config": "^0.0.1",
        "@be-true/utils": "*"
      }
    },
    "@be-true/server_ms_chat": {
      "version": "file:chat",
      "requires": {
        "@be-true/utils": "^0.0.1"
      }
    },
    "@be-true/server_ms_game": {
      "version": "file:game",
      "requires": {
        "@be-true/utils": "^0.0.1"
      }
    },
    "@be-true/server_ms_gate": {
      "version": "file:gate",
      "requires": {
        "@be-true/utils": "^0.0.1",
        "@be-true/ws": "^0.0.1"
      }
    },
    "@be-true/utils": {
      "version": "file:lib_server/utils",
      "requires": {
        "@be-true/utils": "*"
      }
    },
    "@be-true/ws": {
      "version": "file:lib_server/ws",
      "requires": {
        "@be-true/utils": "*",
        "ws": "^8.8.1"
      }
    },
    "ws": {
      "version": "8.8.1",
      "requires": {}
    }
  }
}
